
Microsoft Visual Studio Solution File, Format Version 12.00
# Visual Studio Version 17
VisualStudioVersion = 17.4.33205.214
MinimumVisualStudioVersion = 10.0.40219.1
Project("{FAE04EC0-301F-11D3-BF4B-00C04F79EFBC}") = "WorldLineTestSolution", "WorldLineTestSolution\WorldLineTestSolution.csproj", "{18D366EF-FFF5-41D8-BA62-0EB003A68935}"
EndProject
Global
	GlobalSection(SolutionConfigurationPlatforms) = preSolution
		Debug|Any CPU = Debug|Any CPU
		Release|Any CPU = Release|Any CPU
	EndGlobalSection
	GlobalSection(ProjectConfigurationPlatforms) = postSolution
		{18D366EF-FFF5-41D8-BA62-0EB003A68935}.Debug|Any CPU.ActiveCfg = Debug|Any CPU
		{18D366EF-FFF5-41D8-BA62-0EB003A68935}.Debug|Any CPU.Build.0 = Debug|Any CPU
		{18D366EF-FFF5-41D8-BA62-0EB003A68935}.Release|Any CPU.ActiveCfg = Release|Any CPU
		{18D366EF-FFF5-41D8-BA62-0EB003A68935}.Release|Any CPU.Build.0 = Release|Any CPU
	EndGlobalSection
	GlobalSection(SolutionProperties) = preSolution
		HideSolutionNode = FALSE
	EndGlobalSection
	GlobalSection(ExtensibilityGlobals) = postSolution
		SolutionGuid = {259911D7-A967-4A0D-9628-1C9D83B4CF22}
	EndGlobalSection
EndGlobal
